// !$*UTF8*$!
{
	archiveVersion = 1;
	classes = {
	};
	objectVersion = 46;
	objects = {

/* Begin PBXBuildFile section */
		886A4AB54FC8278A4E92BFE6 /* BORMockExchangeRateProvider.m in Sources */ = {isa = PBXBuildFile; fileRef = 886A4F74447F5D9412128D55 /* BORMockExchangeRateProvider.m */; };
		886A4BC8390C95D0DD01251E /* BORMockBalanceStorage.m in Sources */ = {isa = PBXBuildFile; fileRef = 886A4229217DD1862711A18E /* BORMockBalanceStorage.m */; };
		D242034F1F77083F009E255E /* BORCurrencyViewData.m in Sources */ = {isa = PBXBuildFile; fileRef = D242034E1F77083F009E255E /* BORCurrencyViewData.m */; };
		D24203521F770E36009E255E /* BORCarouselViewData.m in Sources */ = {isa = PBXBuildFile; fileRef = D24203511F770E36009E255E /* BORCarouselViewData.m */; };
		D24203551F7710C0009E255E /* BORExchangeScreenData.m in Sources */ = {isa = PBXBuildFile; fileRef = D24203541F7710C0009E255E /* BORExchangeScreenData.m */; };
		D24203591F7714E2009E255E /* BORExchangeScreenCoordinator.m in Sources */ = {isa = PBXBuildFile; fileRef = D24203581F7714E2009E255E /* BORExchangeScreenCoordinator.m */; };
		D242035D1F771E3D009E255E /* BORCurrency.m in Sources */ = {isa = PBXBuildFile; fileRef = D242035C1F771E3D009E255E /* BORCurrency.m */; };
		D24203601F771F89009E255E /* BORExchangeRate.m in Sources */ = {isa = PBXBuildFile; fileRef = D242035F1F771F89009E255E /* BORExchangeRate.m */; };
		D24203631F77B89F009E255E /* BORBalanceStorage.m in Sources */ = {isa = PBXBuildFile; fileRef = D24203621F77B89F009E255E /* BORBalanceStorage.m */; };
		D24203661F77B9DD009E255E /* BORBalance.m in Sources */ = {isa = PBXBuildFile; fileRef = D24203651F77B9DD009E255E /* BORBalance.m */; };
		D2481C541F76CF3400F0E0D9 /* main.m in Sources */ = {isa = PBXBuildFile; fileRef = D2481C531F76CF3400F0E0D9 /* main.m */; };
		D2481C571F76CF3400F0E0D9 /* BORAppDelegate.m in Sources */ = {isa = PBXBuildFile; fileRef = D2481C561F76CF3400F0E0D9 /* BORAppDelegate.m */; };
		D2481C5A1F76CF3400F0E0D9 /* BORExchangeViewController.m in Sources */ = {isa = PBXBuildFile; fileRef = D2481C591F76CF3400F0E0D9 /* BORExchangeViewController.m */; };
		D2481C5D1F76CF3400F0E0D9 /* Main.storyboard in Resources */ = {isa = PBXBuildFile; fileRef = D2481C5B1F76CF3400F0E0D9 /* Main.storyboard */; };
		D2481C5F1F76CF3400F0E0D9 /* Assets.xcassets in Resources */ = {isa = PBXBuildFile; fileRef = D2481C5E1F76CF3400F0E0D9 /* Assets.xcassets */; };
		D2481C621F76CF3400F0E0D9 /* LaunchScreen.storyboard in Resources */ = {isa = PBXBuildFile; fileRef = D2481C601F76CF3400F0E0D9 /* LaunchScreen.storyboard */; };
		D2481C7A1F76D35100F0E0D9 /* BORCarouselViewController.m in Sources */ = {isa = PBXBuildFile; fileRef = D2481C791F76D35100F0E0D9 /* BORCarouselViewController.m */; };
		D2481C801F76DFF600F0E0D9 /* BORCurrencyViewController.m in Sources */ = {isa = PBXBuildFile; fileRef = D2481C7F1F76DFF600F0E0D9 /* BORCurrencyViewController.m */; };
		D2BC95A71F7BB16E00595AE2 /* BORExchangeScreenCoordinatorTests.m in Sources */ = {isa = PBXBuildFile; fileRef = D2BC95A61F7BB16E00595AE2 /* BORExchangeScreenCoordinatorTests.m */; };
		D2C216441F780C6F004AA9F0 /* BORExchangeRateProvider.m in Sources */ = {isa = PBXBuildFile; fileRef = D2C216431F780C6F004AA9F0 /* BORExchangeRateProvider.m */; };
/* End PBXBuildFile section */

/* Begin PBXContainerItemProxy section */
		D2481C691F76CF3500F0E0D9 /* PBXContainerItemProxy */ = {
			isa = PBXContainerItemProxy;
			containerPortal = D2481C471F76CF3400F0E0D9 /* Project object */;
			proxyType = 1;
			remoteGlobalIDString = D2481C4E1F76CF3400F0E0D9;
			remoteInfo = CurrencyExchanger;
		};
/* End PBXContainerItemProxy section */

/* Begin PBXFileReference section */
		886A4229217DD1862711A18E /* BORMockBalanceStorage.m */ = {isa = PBXFileReference; fileEncoding = 4; lastKnownFileType = sourcecode.c.objc; path = BORMockBalanceStorage.m; sourceTree = "<group>"; };
		886A44C0AE1B2FA59BE87693 /* BORMockBalanceStorage.h */ = {isa = PBXFileReference; fileEncoding = 4; lastKnownFileType = sourcecode.c.h; path = BORMockBalanceStorage.h; sourceTree = "<group>"; };
		886A4EB64177A0D0771F141A /* BORMockExchangeRateProvider.h */ = {isa = PBXFileReference; fileEncoding = 4; lastKnownFileType = sourcecode.c.h; path = BORMockExchangeRateProvider.h; sourceTree = "<group>"; };
		886A4F74447F5D9412128D55 /* BORMockExchangeRateProvider.m */ = {isa = PBXFileReference; fileEncoding = 4; lastKnownFileType = sourcecode.c.objc; path = BORMockExchangeRateProvider.m; sourceTree = "<group>"; };
		D242034D1F77083F009E255E /* BORCurrencyViewData.h */ = {isa = PBXFileReference; fileEncoding = 4; lastKnownFileType = sourcecode.c.h; path = BORCurrencyViewData.h; sourceTree = "<group>"; };
		D242034E1F77083F009E255E /* BORCurrencyViewData.m */ = {isa = PBXFileReference; fileEncoding = 4; lastKnownFileType = sourcecode.c.objc; path = BORCurrencyViewData.m; sourceTree = "<group>"; };
		D24203501F770E36009E255E /* BORCarouselViewData.h */ = {isa = PBXFileReference; fileEncoding = 4; lastKnownFileType = sourcecode.c.h; path = BORCarouselViewData.h; sourceTree = "<group>"; };
		D24203511F770E36009E255E /* BORCarouselViewData.m */ = {isa = PBXFileReference; fileEncoding = 4; lastKnownFileType = sourcecode.c.objc; path = BORCarouselViewData.m; sourceTree = "<group>"; };
		D24203531F7710C0009E255E /* BORExchangeScreenData.h */ = {isa = PBXFileReference; fileEncoding = 4; lastKnownFileType = sourcecode.c.h; path = BORExchangeScreenData.h; sourceTree = "<group>"; };
		D24203541F7710C0009E255E /* BORExchangeScreenData.m */ = {isa = PBXFileReference; fileEncoding = 4; lastKnownFileType = sourcecode.c.objc; path = BORExchangeScreenData.m; sourceTree = "<group>"; };
		D24203571F7714E2009E255E /* BORExchangeScreenCoordinator.h */ = {isa = PBXFileReference; fileEncoding = 4; lastKnownFileType = sourcecode.c.h; path = BORExchangeScreenCoordinator.h; sourceTree = "<group>"; };
		D24203581F7714E2009E255E /* BORExchangeScreenCoordinator.m */ = {isa = PBXFileReference; fileEncoding = 4; lastKnownFileType = sourcecode.c.objc; path = BORExchangeScreenCoordinator.m; sourceTree = "<group>"; };
		D242035B1F771E3D009E255E /* BORCurrency.h */ = {isa = PBXFileReference; fileEncoding = 4; lastKnownFileType = sourcecode.c.h; path = BORCurrency.h; sourceTree = "<group>"; };
		D242035C1F771E3D009E255E /* BORCurrency.m */ = {isa = PBXFileReference; fileEncoding = 4; lastKnownFileType = sourcecode.c.objc; path = BORCurrency.m; sourceTree = "<group>"; };
		D242035E1F771F89009E255E /* BORExchangeRate.h */ = {isa = PBXFileReference; fileEncoding = 4; lastKnownFileType = sourcecode.c.h; path = BORExchangeRate.h; sourceTree = "<group>"; };
		D242035F1F771F89009E255E /* BORExchangeRate.m */ = {isa = PBXFileReference; fileEncoding = 4; lastKnownFileType = sourcecode.c.objc; path = BORExchangeRate.m; sourceTree = "<group>"; };
		D24203611F77B89F009E255E /* BORBalanceStorage.h */ = {isa = PBXFileReference; fileEncoding = 4; lastKnownFileType = sourcecode.c.h; path = BORBalanceStorage.h; sourceTree = "<group>"; };
		D24203621F77B89F009E255E /* BORBalanceStorage.m */ = {isa = PBXFileReference; fileEncoding = 4; lastKnownFileType = sourcecode.c.objc; path = BORBalanceStorage.m; sourceTree = "<group>"; };
		D24203641F77B9DD009E255E /* BORBalance.h */ = {isa = PBXFileReference; fileEncoding = 4; lastKnownFileType = sourcecode.c.h; path = BORBalance.h; sourceTree = "<group>"; };
		D24203651F77B9DD009E255E /* BORBalance.m */ = {isa = PBXFileReference; fileEncoding = 4; lastKnownFileType = sourcecode.c.objc; path = BORBalance.m; sourceTree = "<group>"; };
		D2481C4F1F76CF3400F0E0D9 /* CurrencyExchanger.app */ = {isa = PBXFileReference; explicitFileType = wrapper.application; includeInIndex = 0; path = CurrencyExchanger.app; sourceTree = BUILT_PRODUCTS_DIR; };
		D2481C531F76CF3400F0E0D9 /* main.m */ = {isa = PBXFileReference; lastKnownFileType = sourcecode.c.objc; path = main.m; sourceTree = "<group>"; };
		D2481C551F76CF3400F0E0D9 /* BORAppDelegate.h */ = {isa = PBXFileReference; lastKnownFileType = sourcecode.c.h; path = BORAppDelegate.h; sourceTree = "<group>"; };
		D2481C561F76CF3400F0E0D9 /* BORAppDelegate.m */ = {isa = PBXFileReference; lastKnownFileType = sourcecode.c.objc; path = BORAppDelegate.m; sourceTree = "<group>"; };
		D2481C581F76CF3400F0E0D9 /* BORExchangeViewController.h */ = {isa = PBXFileReference; lastKnownFileType = sourcecode.c.h; path = BORExchangeViewController.h; sourceTree = "<group>"; };
		D2481C591F76CF3400F0E0D9 /* BORExchangeViewController.m */ = {isa = PBXFileReference; lastKnownFileType = sourcecode.c.objc; path = BORExchangeViewController.m; sourceTree = "<group>"; };
		D2481C5C1F76CF3400F0E0D9 /* Base */ = {isa = PBXFileReference; lastKnownFileType = file.storyboard; name = Base; path = Base.lproj/Main.storyboard; sourceTree = "<group>"; };
		D2481C5E1F76CF3400F0E0D9 /* Assets.xcassets */ = {isa = PBXFileReference; lastKnownFileType = folder.assetcatalog; path = Assets.xcassets; sourceTree = "<group>"; };
		D2481C611F76CF3400F0E0D9 /* Base */ = {isa = PBXFileReference; lastKnownFileType = file.storyboard; name = Base; path = Base.lproj/LaunchScreen.storyboard; sourceTree = "<group>"; };
		D2481C631F76CF3400F0E0D9 /* Info.plist */ = {isa = PBXFileReference; lastKnownFileType = text.plist.xml; path = Info.plist; sourceTree = "<group>"; };
		D2481C681F76CF3500F0E0D9 /* CurrencyExchangerTests.xctest */ = {isa = PBXFileReference; explicitFileType = wrapper.cfbundle; includeInIndex = 0; path = CurrencyExchangerTests.xctest; sourceTree = BUILT_PRODUCTS_DIR; };
		D2481C6E1F76CF3500F0E0D9 /* Info.plist */ = {isa = PBXFileReference; lastKnownFileType = text.plist.xml; path = Info.plist; sourceTree = "<group>"; };
		D2481C781F76D35100F0E0D9 /* BORCarouselViewController.h */ = {isa = PBXFileReference; fileEncoding = 4; lastKnownFileType = sourcecode.c.h; path = BORCarouselViewController.h; sourceTree = "<group>"; };
		D2481C791F76D35100F0E0D9 /* BORCarouselViewController.m */ = {isa = PBXFileReference; fileEncoding = 4; lastKnownFileType = sourcecode.c.objc; path = BORCarouselViewController.m; sourceTree = "<group>"; };
		D2481C7E1F76DFF600F0E0D9 /* BORCurrencyViewController.h */ = {isa = PBXFileReference; fileEncoding = 4; lastKnownFileType = sourcecode.c.h; path = BORCurrencyViewController.h; sourceTree = "<group>"; };
		D2481C7F1F76DFF600F0E0D9 /* BORCurrencyViewController.m */ = {isa = PBXFileReference; fileEncoding = 4; lastKnownFileType = sourcecode.c.objc; path = BORCurrencyViewController.m; sourceTree = "<group>"; };
		D2BC95A61F7BB16E00595AE2 /* BORExchangeScreenCoordinatorTests.m */ = {isa = PBXFileReference; lastKnownFileType = sourcecode.c.objc; path = BORExchangeScreenCoordinatorTests.m; sourceTree = "<group>"; };
		D2C216421F780C6F004AA9F0 /* BORExchangeRateProvider.h */ = {isa = PBXFileReference; fileEncoding = 4; lastKnownFileType = sourcecode.c.h; path = BORExchangeRateProvider.h; sourceTree = "<group>"; };
		D2C216431F780C6F004AA9F0 /* BORExchangeRateProvider.m */ = {isa = PBXFileReference; fileEncoding = 4; lastKnownFileType = sourcecode.c.objc; path = BORExchangeRateProvider.m; sourceTree = "<group>"; };
/* End PBXFileReference section */

/* Begin PBXFrameworksBuildPhase section */
		D2481C4C1F76CF3400F0E0D9 /* Frameworks */ = {
			isa = PBXFrameworksBuildPhase;
			buildActionMask = 2147483647;
			files = (
			);
			runOnlyForDeploymentPostprocessing = 0;
		};
		D2481C651F76CF3500F0E0D9 /* Frameworks */ = {
			isa = PBXFrameworksBuildPhase;
			buildActionMask = 2147483647;
			files = (
			);
			runOnlyForDeploymentPostprocessing = 0;
		};
/* End PBXFrameworksBuildPhase section */

/* Begin PBXGroup section */
		D24203561F77149C009E255E /* Bussines logic */ = {
			isa = PBXGroup;
			children = (
				D24203611F77B89F009E255E /* BORBalanceStorage.h */,
				D24203621F77B89F009E255E /* BORBalanceStorage.m */,
				D2C216421F780C6F004AA9F0 /* BORExchangeRateProvider.h */,
				D2C216431F780C6F004AA9F0 /* BORExchangeRateProvider.m */,
				D24203571F7714E2009E255E /* BORExchangeScreenCoordinator.h */,
				D24203581F7714E2009E255E /* BORExchangeScreenCoordinator.m */,
			);
			name = "Bussines logic";
			sourceTree = "<group>";
		};
		D242035A1F771E00009E255E /* Domain entities */ = {
			isa = PBXGroup;
			children = (
				D242035B1F771E3D009E255E /* BORCurrency.h */,
				D242035C1F771E3D009E255E /* BORCurrency.m */,
				D24203641F77B9DD009E255E /* BORBalance.h */,
				D24203651F77B9DD009E255E /* BORBalance.m */,
				D242035E1F771F89009E255E /* BORExchangeRate.h */,
				D242035F1F771F89009E255E /* BORExchangeRate.m */,
			);
			name = "Domain entities";
			sourceTree = "<group>";
		};
		D2481C461F76CF3400F0E0D9 = {
			isa = PBXGroup;
			children = (
				D2481C511F76CF3400F0E0D9 /* CurrencyExchanger */,
				D2481C6B1F76CF3500F0E0D9 /* CurrencyExchangerTests */,
				D2481C501F76CF3400F0E0D9 /* Products */,
			);
			sourceTree = "<group>";
		};
		D2481C501F76CF3400F0E0D9 /* Products */ = {
			isa = PBXGroup;
			children = (
				D2481C4F1F76CF3400F0E0D9 /* CurrencyExchanger.app */,
				D2481C681F76CF3500F0E0D9 /* CurrencyExchangerTests.xctest */,
			);
			name = Products;
			sourceTree = "<group>";
		};
		D2481C511F76CF3400F0E0D9 /* CurrencyExchanger */ = {
			isa = PBXGroup;
			children = (
				D242035A1F771E00009E255E /* Domain entities */,
				D24203561F77149C009E255E /* Bussines logic */,
				D2481C771F76D2C700F0E0D9 /* UI */,
				D2481C551F76CF3400F0E0D9 /* BORAppDelegate.h */,
				D2481C561F76CF3400F0E0D9 /* BORAppDelegate.m */,
				D2481C5B1F76CF3400F0E0D9 /* Main.storyboard */,
				D2481C5E1F76CF3400F0E0D9 /* Assets.xcassets */,
				D2481C601F76CF3400F0E0D9 /* LaunchScreen.storyboard */,
				D2481C631F76CF3400F0E0D9 /* Info.plist */,
				D2481C521F76CF3400F0E0D9 /* Supporting Files */,
			);
			path = CurrencyExchanger;
			sourceTree = "<group>";
		};
		D2481C521F76CF3400F0E0D9 /* Supporting Files */ = {
			isa = PBXGroup;
			children = (
				D2481C531F76CF3400F0E0D9 /* main.m */,
			);
			name = "Supporting Files";
			sourceTree = "<group>";
		};
		D2481C6B1F76CF3500F0E0D9 /* CurrencyExchangerTests */ = {
			isa = PBXGroup;
			children = (
				D2BC95A61F7BB16E00595AE2 /* BORExchangeScreenCoordinatorTests.m */,
				D2481C6E1F76CF3500F0E0D9 /* Info.plist */,
				886A44C0AE1B2FA59BE87693 /* BORMockBalanceStorage.h */,
				886A4229217DD1862711A18E /* BORMockBalanceStorage.m */,
				886A4F74447F5D9412128D55 /* BORMockExchangeRateProvider.m */,
				886A4EB64177A0D0771F141A /* BORMockExchangeRateProvider.h */,
			);
			path = CurrencyExchangerTests;
			sourceTree = "<group>";
		};
		D2481C771F76D2C700F0E0D9 /* UI */ = {
			isa = PBXGroup;
			children = (
				D2481C7B1F76D3AE00F0E0D9 /* Exchange screen */,
				D2481C7C1F76D3C000F0E0D9 /* Carousel view */,
				D2481C7D1F76DF9E00F0E0D9 /* Currency view */,
			);
			name = UI;
			sourceTree = "<group>";
		};
		D2481C7B1F76D3AE00F0E0D9 /* Exchange screen */ = {
			isa = PBXGroup;
			children = (
				D24203531F7710C0009E255E /* BORExchangeScreenData.h */,
				D24203541F7710C0009E255E /* BORExchangeScreenData.m */,
				D2481C581F76CF3400F0E0D9 /* BORExchangeViewController.h */,
				D2481C591F76CF3400F0E0D9 /* BORExchangeViewController.m */,
			);
			name = "Exchange screen";
			sourceTree = "<group>";
		};
		D2481C7C1F76D3C000F0E0D9 /* Carousel view */ = {
			isa = PBXGroup;
			children = (
				D24203501F770E36009E255E /* BORCarouselViewData.h */,
				D24203511F770E36009E255E /* BORCarouselViewData.m */,
				D2481C781F76D35100F0E0D9 /* BORCarouselViewController.h */,
				D2481C791F76D35100F0E0D9 /* BORCarouselViewController.m */,
			);
			name = "Carousel view";
			sourceTree = "<group>";
		};
		D2481C7D1F76DF9E00F0E0D9 /* Currency view */ = {
			isa = PBXGroup;
			children = (
				D242034D1F77083F009E255E /* BORCurrencyViewData.h */,
				D242034E1F77083F009E255E /* BORCurrencyViewData.m */,
				D2481C7E1F76DFF600F0E0D9 /* BORCurrencyViewController.h */,
				D2481C7F1F76DFF600F0E0D9 /* BORCurrencyViewController.m */,
			);
			name = "Currency view";
			sourceTree = "<group>";
		};
/* End PBXGroup section */

/* Begin PBXNativeTarget section */
		D2481C4E1F76CF3400F0E0D9 /* CurrencyExchanger */ = {
			isa = PBXNativeTarget;
			buildConfigurationList = D2481C711F76CF3500F0E0D9 /* Build configuration list for PBXNativeTarget "CurrencyExchanger" */;
			buildPhases = (
				D2481C4B1F76CF3400F0E0D9 /* Sources */,
				D2481C4C1F76CF3400F0E0D9 /* Frameworks */,
				D2481C4D1F76CF3400F0E0D9 /* Resources */,
			);
			buildRules = (
			);
			dependencies = (
			);
			name = CurrencyExchanger;
			productName = CurrencyExchanger;
			productReference = D2481C4F1F76CF3400F0E0D9 /* CurrencyExchanger.app */;
			productType = "com.apple.product-type.application";
		};
		D2481C671F76CF3500F0E0D9 /* CurrencyExchangerTests */ = {
			isa = PBXNativeTarget;
			buildConfigurationList = D2481C741F76CF3500F0E0D9 /* Build configuration list for PBXNativeTarget "CurrencyExchangerTests" */;
			buildPhases = (
				D2481C641F76CF3500F0E0D9 /* Sources */,
				D2481C651F76CF3500F0E0D9 /* Frameworks */,
				D2481C661F76CF3500F0E0D9 /* Resources */,
			);
			buildRules = (
			);
			dependencies = (
				D2481C6A1F76CF3500F0E0D9 /* PBXTargetDependency */,
			);
			name = CurrencyExchangerTests;
			productName = CurrencyExchangerTests;
			productReference = D2481C681F76CF3500F0E0D9 /* CurrencyExchangerTests.xctest */;
			productType = "com.apple.product-type.bundle.unit-test";
		};
/* End PBXNativeTarget section */

/* Begin PBXProject section */
		D2481C471F76CF3400F0E0D9 /* Project object */ = {
			isa = PBXProject;
			attributes = {
				CLASSPREFIX = BOR;
				LastUpgradeCheck = 0830;
				ORGANIZATIONNAME = "Bohdan Orlov";
				TargetAttributes = {
					D2481C4E1F76CF3400F0E0D9 = {
						CreatedOnToolsVersion = 8.3.3;
						ProvisioningStyle = Automatic;
					};
					D2481C671F76CF3500F0E0D9 = {
						CreatedOnToolsVersion = 8.3.3;
						ProvisioningStyle = Automatic;
						TestTargetID = D2481C4E1F76CF3400F0E0D9;
					};
				};
			};
			buildConfigurationList = D2481C4A1F76CF3400F0E0D9 /* Build configuration list for PBXProject "CurrencyExchanger" */;
			compatibilityVersion = "Xcode 3.2";
			developmentRegion = English;
			hasScannedForEncodings = 0;
			knownRegions = (
				en,
				Base,
			);
			mainGroup = D2481C461F76CF3400F0E0D9;
			productRefGroup = D2481C501F76CF3400F0E0D9 /* Products */;
			projectDirPath = "";
			projectRoot = "";
			targets = (
				D2481C4E1F76CF3400F0E0D9 /* CurrencyExchanger */,
				D2481C671F76CF3500F0E0D9 /* CurrencyExchangerTests */,
			);
		};
/* End PBXProject section */

/* Begin PBXResourcesBuildPhase section */
		D2481C4D1F76CF3400F0E0D9 /* Resources */ = {
			isa = PBXResourcesBuildPhase;
			buildActionMask = 2147483647;
			files = (
				D2481C621F76CF3400F0E0D9 /* LaunchScreen.storyboard in Resources */,
				D2481C5F1F76CF3400F0E0D9 /* Assets.xcassets in Resources */,
				D2481C5D1F76CF3400F0E0D9 /* Main.storyboard in Resources */,
			);
			runOnlyForDeploymentPostprocessing = 0;
		};
		D2481C661F76CF3500F0E0D9 /* Resources */ = {
			isa = PBXResourcesBuildPhase;
			buildActionMask = 2147483647;
			files = (
			);
			runOnlyForDeploymentPostprocessing = 0;
		};
/* End PBXResourcesBuildPhase section */

/* Begin PBXSourcesBuildPhase section */
		D2481C4B1F76CF3400F0E0D9 /* Sources */ = {
			isa = PBXSourcesBuildPhase;
			buildActionMask = 2147483647;
			files = (
				D24203591F7714E2009E255E /* BORExchangeScreenCoordinator.m in Sources */,
				D24203521F770E36009E255E /* BORCarouselViewData.m in Sources */,
				D2481C5A1F76CF3400F0E0D9 /* BORExchangeViewController.m in Sources */,
				D2481C571F76CF3400F0E0D9 /* BORAppDelegate.m in Sources */,
				D24203551F7710C0009E255E /* BORExchangeScreenData.m in Sources */,
				D2481C7A1F76D35100F0E0D9 /* BORCarouselViewController.m in Sources */,
				D242035D1F771E3D009E255E /* BORCurrency.m in Sources */,
				D242034F1F77083F009E255E /* BORCurrencyViewData.m in Sources */,
				D2481C801F76DFF600F0E0D9 /* BORCurrencyViewController.m in Sources */,
				D2481C541F76CF3400F0E0D9 /* main.m in Sources */,
				D24203631F77B89F009E255E /* BORBalanceStorage.m in Sources */,
				D2C216441F780C6F004AA9F0 /* BORExchangeRateProvider.m in Sources */,
				D24203601F771F89009E255E /* BORExchangeRate.m in Sources */,
				D24203661F77B9DD009E255E /* BORBalance.m in Sources */,
			);
			runOnlyForDeploymentPostprocessing = 0;
		};
		D2481C641F76CF3500F0E0D9 /* Sources */ = {
			isa = PBXSourcesBuildPhase;
			buildActionMask = 2147483647;
			files = (
				D2BC95A71F7BB16E00595AE2 /* BORExchangeScreenCoordinatorTests.m in Sources */,
				886A4BC8390C95D0DD01251E /* BORMockBalanceStorage.m in Sources */,
				886A4AB54FC8278A4E92BFE6 /* BORMockExchangeRateProvider.m in Sources */,
			);
			runOnlyForDeploymentPostprocessing = 0;
		};
/* End PBXSourcesBuildPhase section */

/* Begin PBXTargetDependency section */
		D2481C6A1F76CF3500F0E0D9 /* PBXTargetDependency */ = {
			isa = PBXTargetDependency;
			target = D2481C4E1F76CF3400F0E0D9 /* CurrencyExchanger */;
			targetProxy = D2481C691F76CF3500F0E0D9 /* PBXContainerItemProxy */;
		};
/* End PBXTargetDependency section */

/* Begin PBXVariantGroup section */
		D2481C5B1F76CF3400F0E0D9 /* Main.storyboard */ = {
			isa = PBXVariantGroup;
			children = (
				D2481C5C1F76CF3400F0E0D9 /* Base */,
			);
			name = Main.storyboard;
			sourceTree = "<group>";
		};
		D2481C601F76CF3400F0E0D9 /* LaunchScreen.storyboard */ = {
			isa = PBXVariantGroup;
			children = (
				D2481C611F76CF3400F0E0D9 /* Base */,
			);
			name = LaunchScreen.storyboard;
			sourceTree = "<group>";
		};
/* End PBXVariantGroup section */

/* Begin XCBuildConfiguration section */
		D2481C6F1F76CF3500F0E0D9 /* Debug */ = {
			isa = XCBuildConfiguration;
			buildSettings = {
				ALWAYS_SEARCH_USER_PATHS = NO;
				CLANG_ANALYZER_NONNULL = YES;
				CLANG_ANALYZER_NUMBER_OBJECT_CONVERSION = YES_AGGRESSIVE;
				CLANG_CXX_LANGUAGE_STANDARD = "gnu++0x";
				CLANG_CXX_LIBRARY = "libc++";
				CLANG_ENABLE_MODULES = YES;
				CLANG_ENABLE_OBJC_ARC = YES;
				CLANG_WARN_BOOL_CONVERSION = YES;
				CLANG_WARN_CONSTANT_CONVERSION = YES;
				CLANG_WARN_DIRECT_OBJC_ISA_USAGE = YES_ERROR;
				CLANG_WARN_DOCUMENTATION_COMMENTS = YES;
				CLANG_WARN_EMPTY_BODY = YES;
				CLANG_WARN_ENUM_CONVERSION = YES;
				CLANG_WARN_INFINITE_RECURSION = YES;
				CLANG_WARN_INT_CONVERSION = YES;
				CLANG_WARN_OBJC_ROOT_CLASS = YES_ERROR;
				CLANG_WARN_SUSPICIOUS_MOVE = YES;
				CLANG_WARN_UNREACHABLE_CODE = YES;
				CLANG_WARN__DUPLICATE_METHOD_MATCH = YES;
				"CODE_SIGN_IDENTITY[sdk=iphoneos*]" = "iPhone Developer";
				COPY_PHASE_STRIP = NO;
				DEBUG_INFORMATION_FORMAT = dwarf;
				ENABLE_STRICT_OBJC_MSGSEND = YES;
				ENABLE_TESTABILITY = YES;
				GCC_C_LANGUAGE_STANDARD = gnu99;
				GCC_DYNAMIC_NO_PIC = NO;
				GCC_NO_COMMON_BLOCKS = YES;
				GCC_OPTIMIZATION_LEVEL = 0;
				GCC_PREPROCESSOR_DEFINITIONS = (
					"DEBUG=1",
					"$(inherited)",
				);
				GCC_TREAT_WARNINGS_AS_ERRORS = YES;
				GCC_WARN_64_TO_32_BIT_CONVERSION = YES;
				GCC_WARN_ABOUT_RETURN_TYPE = YES_ERROR;
				GCC_WARN_UNDECLARED_SELECTOR = YES;
				GCC_WARN_UNINITIALIZED_AUTOS = YES_AGGRESSIVE;
				GCC_WARN_UNUSED_FUNCTION = YES;
				GCC_WARN_UNUSED_VARIABLE = YES;
				IPHONEOS_DEPLOYMENT_TARGET = 10.3;
				MTL_ENABLE_DEBUG_INFO = YES;
				ONLY_ACTIVE_ARCH = YES;
				SDKROOT = iphoneos;
				TARGETED_DEVICE_FAMILY = "1,2";
			};
			name = Debug;
		};
		D2481C701F76CF3500F0E0D9 /* Release */ = {
			isa = XCBuildConfiguration;
			buildSettings = {
				ALWAYS_SEARCH_USER_PATHS = NO;
				CLANG_ANALYZER_NONNULL = YES;
				CLANG_ANALYZER_NUMBER_OBJECT_CONVERSION = YES_AGGRESSIVE;
				CLANG_CXX_LANGUAGE_STANDARD = "gnu++0x";
				CLANG_CXX_LIBRARY = "libc++";
				CLANG_ENABLE_MODULES = YES;
				CLANG_ENABLE_OBJC_ARC = YES;
				CLANG_WARN_BOOL_CONVERSION = YES;
				CLANG_WARN_CONSTANT_CONVERSION = YES;
				CLANG_WARN_DIRECT_OBJC_ISA_USAGE = YES_ERROR;
				CLANG_WARN_DOCUMENTATION_COMMENTS = YES;
				CLANG_WARN_EMPTY_BODY = YES;
				CLANG_WARN_ENUM_CONVERSION = YES;
				CLANG_WARN_INFINITE_RECURSION = YES;
				CLANG_WARN_INT_CONVERSION = YES;
				CLANG_WARN_OBJC_ROOT_CLASS = YES_ERROR;
				CLANG_WARN_SUSPICIOUS_MOVE = YES;
				CLANG_WARN_UNREACHABLE_CODE = YES;
				CLANG_WARN__DUPLICATE_METHOD_MATCH = YES;
				"CODE_SIGN_IDENTITY[sdk=iphoneos*]" = "iPhone Developer";
				COPY_PHASE_STRIP = NO;
				DEBUG_INFORMATION_FORMAT = "dwarf-with-dsym";
				ENABLE_NS_ASSERTIONS = NO;
				ENABLE_STRICT_OBJC_MSGSEND = YES;
				GCC_C_LANGUAGE_STANDARD = gnu99;
				GCC_NO_COMMON_BLOCKS = YES;
				GCC_TREAT_WARNINGS_AS_ERRORS = YES;
				GCC_WARN_64_TO_32_BIT_CONVERSION = YES;
				GCC_WARN_ABOUT_RETURN_TYPE = YES_ERROR;
				GCC_WARN_UNDECLARED_SELECTOR = YES;
				GCC_WARN_UNINITIALIZED_AUTOS = YES_AGGRESSIVE;
				GCC_WARN_UNUSED_FUNCTION = YES;
				GCC_WARN_UNUSED_VARIABLE = YES;
				IPHONEOS_DEPLOYMENT_TARGET = 10.3;
				MTL_ENABLE_DEBUG_INFO = NO;
				SDKROOT = iphoneos;
				TARGETED_DEVICE_FAMILY = "1,2";
				VALIDATE_PRODUCT = YES;
			};
			name = Release;
		};
		D2481C721F76CF3500F0E0D9 /* Debug */ = {
			isa = XCBuildConfiguration;
			buildSettings = {
				ASSETCATALOG_COMPILER_APPICON_NAME = AppIcon;
				INFOPLIST_FILE = CurrencyExchanger/Info.plist;
				LD_RUNPATH_SEARCH_PATHS = "$(inherited) @executable_path/Frameworks";
				PRODUCT_BUNDLE_IDENTIFIER = BOR.CurrencyExchanger;
				PRODUCT_NAME = "$(TARGET_NAME)";
			};
			name = Debug;
		};
		D2481C731F76CF3500F0E0D9 /* Release */ = {
			isa = XCBuildConfiguration;
			buildSettings = {
				ASSETCATALOG_COMPILER_APPICON_NAME = AppIcon;
				INFOPLIST_FILE = CurrencyExchanger/Info.plist;
				LD_RUNPATH_SEARCH_PATHS = "$(inherited) @executable_path/Frameworks";
				PRODUCT_BUNDLE_IDENTIFIER = BOR.CurrencyExchanger;
				PRODUCT_NAME = "$(TARGET_NAME)";
			};
			name = Release;
		};
		D2481C751F76CF3500F0E0D9 /* Debug */ = {
			isa = XCBuildConfiguration;
			buildSettings = {
				BUNDLE_LOADER = "$(TEST_HOST)";
				INFOPLIST_FILE = CurrencyExchangerTests/Info.plist;
				LD_RUNPATH_SEARCH_PATHS = "$(inherited) @executable_path/Frameworks @loader_path/Frameworks";
				PRODUCT_BUNDLE_IDENTIFIER = BOR.CurrencyExchangerTests;
				PRODUCT_NAME = "$(TARGET_NAME)";
				TEST_HOST = "$(BUILT_PRODUCTS_DIR)/CurrencyExchanger.app/CurrencyExchanger";
			};
			name = Debug;
		};
		D2481C761F76CF3500F0E0D9 /* Release */ = {
			isa = XCBuildConfiguration;
			buildSettings = {
				BUNDLE_LOADER = "$(TEST_HOST)";
				INFOPLIST_FILE = CurrencyExchangerTests/Info.plist;
				LD_RUNPATH_SEARCH_PATHS = "$(inherited) @executable_path/Frameworks @loader_path/Frameworks";
				PRODUCT_BUNDLE_IDENTIFIER = BOR.CurrencyExchangerTests;
				PRODUCT_NAME = "$(TARGET_NAME)";
				TEST_HOST = "$(BUILT_PRODUCTS_DIR)/CurrencyExchanger.app/CurrencyExchanger";
			};
			name = Release;
		};
/* End XCBuildConfiguration section */

/* Begin XCConfigurationList section */
		D2481C4A1F76CF3400F0E0D9 /* Build configuration list for PBXProject "CurrencyExchanger" */ = {
			isa = XCConfigurationList;
			buildConfigurations = (
				D2481C6F1F76CF3500F0E0D9 /* Debug */,
				D2481C701F76CF3500F0E0D9 /* Release */,
			);
			defaultConfigurationIsVisible = 0;
			defaultConfigurationName = Release;
		};
		D2481C711F76CF3500F0E0D9 /* Build configuration list for PBXNativeTarget "CurrencyExchanger" */ = {
			isa = XCConfigurationList;
			buildConfigurations = (
				D2481C721F76CF3500F0E0D9 /* Debug */,
				D2481C731F76CF3500F0E0D9 /* Release */,
			);
			defaultConfigurationIsVisible = 0;
			defaultConfigurationName = Release;
		};
		D2481C741F76CF3500F0E0D9 /* Build configuration list for PBXNativeTarget "CurrencyExchangerTests" */ = {
			isa = XCConfigurationList;
			buildConfigurations = (
				D2481C751F76CF3500F0E0D9 /* Debug */,
				D2481C761F76CF3500F0E0D9 /* Release */,
			);
			defaultConfigurationIsVisible = 0;
			defaultConfigurationName = Release;
		};
/* End XCConfigurationList section */
	};
	rootObject = D2481C471F76CF3400F0E0D9 /* Project object */;
}
